
Microsoft Visual Studio Solution File, Format Version 12.00
# Visual Studio 2013
VisualStudioVersion = 12.0.21005.1
MinimumVisualStudioVersion = 10.0.40219.1
Project("{FAE04EC0-301F-11D3-BF4B-00C04F79EFBC}") = "BackupService", "BackupService\BackupService.csproj", "{6FDFBFC9-5E46-4E67-A4AD-F14E3F4A1B65}"
EndProject
Project("{FAE04EC0-301F-11D3-BF4B-00C04F79EFBC}") = "BackupClassLibrary", "BackupClassLibrary\BackupClassLibrary.csproj", "{54A3573A-49C9-4508-9727-4630B831ECCF}"
EndProject
Project("{FAE04EC0-301F-11D3-BF4B-00C04F79EFBC}") = "ConsoleBackup", "ConsoleBackup\ConsoleBackup.csproj", "{7747DB06-FA12-45AF-BB95-8785094D2B9F}"
EndProject
Global
	GlobalSection(SolutionConfigurationPlatforms) = preSolution
		Debug|Any CPU = Debug|Any CPU
		Release|Any CPU = Release|Any CPU
	EndGlobalSection
	GlobalSection(ProjectConfigurationPlatforms) = postSolution
		{6FDFBFC9-5E46-4E67-A4AD-F14E3F4A1B65}.Debug|Any CPU.ActiveCfg = Debug|Any CPU
		{6FDFBFC9-5E46-4E67-A4AD-F14E3F4A1B65}.Debug|Any CPU.Build.0 = Debug|Any CPU
		{6FDFBFC9-5E46-4E67-A4AD-F14E3F4A1B65}.Release|Any CPU.ActiveCfg = Release|Any CPU
		{6FDFBFC9-5E46-4E67-A4AD-F14E3F4A1B65}.Release|Any CPU.Build.0 = Release|Any CPU
		{54A3573A-49C9-4508-9727-4630B831ECCF}.Debug|Any CPU.ActiveCfg = Debug|Any CPU
		{54A3573A-49C9-4508-9727-4630B831ECCF}.Debug|Any CPU.Build.0 = Debug|Any CPU
		{54A3573A-49C9-4508-9727-4630B831ECCF}.Release|Any CPU.ActiveCfg = Release|Any CPU
		{54A3573A-49C9-4508-9727-4630B831ECCF}.Release|Any CPU.Build.0 = Release|Any CPU
		{7747DB06-FA12-45AF-BB95-8785094D2B9F}.Debug|Any CPU.ActiveCfg = Debug|Any CPU
		{7747DB06-FA12-45AF-BB95-8785094D2B9F}.Debug|Any CPU.Build.0 = Debug|Any CPU
		{7747DB06-FA12-45AF-BB95-8785094D2B9F}.Release|Any CPU.ActiveCfg = Release|Any CPU
		{7747DB06-FA12-45AF-BB95-8785094D2B9F}.Release|Any CPU.Build.0 = Release|Any CPU
	EndGlobalSection
	GlobalSection(SolutionProperties) = preSolution
		HideSolutionNode = FALSE
	EndGlobalSection
EndGlobal
